// !$*UTF8*$!
{
	archiveVersion = 1;
	classes = {
	};
	objectVersion = 55;
	objects = {

/* Begin PBXBuildFile section */
		C51FA2BD284C78E4007FAD56 /* BackgroundTaskService.swift in Sources */ = {isa = PBXBuildFile; fileRef = C51FA2BC284C78E4007FAD56 /* BackgroundTaskService.swift */; };
		C51FA2C2284DF31F007FAD56 /* NotificationService.swift in Sources */ = {isa = PBXBuildFile; fileRef = C51FA2C1284DF31F007FAD56 /* NotificationService.swift */; };
		C51FA2C6284E2945007FAD56 /* PopupView in Frameworks */ = {isa = PBXBuildFile; productRef = C51FA2C5284E2945007FAD56 /* PopupView */; };
		C51FA2C8284E5802007FAD56 /* UrlService.swift in Sources */ = {isa = PBXBuildFile; fileRef = C51FA2C7284E5802007FAD56 /* UrlService.swift */; };
		C51FA2CA284F30D3007FAD56 /* LicensesView.swift in Sources */ = {isa = PBXBuildFile; fileRef = C51FA2C9284F30D3007FAD56 /* LicensesView.swift */; };
		C51FA2CC284F331A007FAD56 /* LicenseTextView.swift in Sources */ = {isa = PBXBuildFile; fileRef = C51FA2CB284F331A007FAD56 /* LicenseTextView.swift */; };
		C5243EA92844F0AE001CBA3D /* BlogEntryExtension.swift in Sources */ = {isa = PBXBuildFile; fileRef = C5243EA82844F0AE001CBA3D /* BlogEntryExtension.swift */; };
		C5243EAF2845CABC001CBA3D /* TextExtension.swift in Sources */ = {isa = PBXBuildFile; fileRef = C5243EAE2845CABC001CBA3D /* TextExtension.swift */; };
		C5243EB22845CDDB001CBA3D /* FefeBlogService.swift in Sources */ = {isa = PBXBuildFile; fileRef = C5243EB12845CDDB001CBA3D /* FefeBlogService.swift */; };
		C5243EB42845CF8A001CBA3D /* BlogEntryListView.swift in Sources */ = {isa = PBXBuildFile; fileRef = C524AD342843FF5C00EF24F1 /* BlogEntryListView.swift */; };
		C5243EBB28460D2F001CBA3D /* SwiftSoup in Frameworks */ = {isa = PBXBuildFile; productRef = C5243EBA28460D2F001CBA3D /* SwiftSoup */; };
		C524AD012843FD8900EF24F1 /* FefeReaderApp.swift in Sources */ = {isa = PBXBuildFile; fileRef = C524AD002843FD8900EF24F1 /* FefeReaderApp.swift */; };
		C524AD052843FD8C00EF24F1 /* Assets.xcassets in Resources */ = {isa = PBXBuildFile; fileRef = C524AD042843FD8C00EF24F1 /* Assets.xcassets */; };
		C524AD082843FD8C00EF24F1 /* Preview Assets.xcassets in Resources */ = {isa = PBXBuildFile; fileRef = C524AD072843FD8C00EF24F1 /* Preview Assets.xcassets */; };
		C524AD0D2843FD8C00EF24F1 /* FefeReader.xcdatamodeld in Sources */ = {isa = PBXBuildFile; fileRef = C524AD0B2843FD8C00EF24F1 /* FefeReader.xcdatamodeld */; };
		C524AD172843FD8C00EF24F1 /* FefeReaderTests.swift in Sources */ = {isa = PBXBuildFile; fileRef = C524AD162843FD8C00EF24F1 /* FefeReaderTests.swift */; };
		C524AD212843FD8C00EF24F1 /* FefeReaderUITests.swift in Sources */ = {isa = PBXBuildFile; fileRef = C524AD202843FD8C00EF24F1 /* FefeReaderUITests.swift */; };
		C524AD232843FD8C00EF24F1 /* FefeReaderUITestsLaunchTests.swift in Sources */ = {isa = PBXBuildFile; fileRef = C524AD222843FD8C00EF24F1 /* FefeReaderUITestsLaunchTests.swift */; };
		C524AD332843FEC500EF24F1 /* BlogEntryRowView.swift in Sources */ = {isa = PBXBuildFile; fileRef = C524AD322843FEC500EF24F1 /* BlogEntryRowView.swift */; };
		C530683B28491D5700082BA2 /* CommonIcons.swift in Sources */ = {isa = PBXBuildFile; fileRef = C530683A28491D5700082BA2 /* CommonIcons.swift */; };
		C533525F284F54EC0060A663 /* Allison-Regular.ttf in Resources */ = {isa = PBXBuildFile; fileRef = C533525E284F54EC0060A663 /* Allison-Regular.ttf */; };
		C53B82D22D02283A00D4021D /* AdaptiveButtonStyle.swift in Sources */ = {isa = PBXBuildFile; fileRef = C53B82D12D02283A00D4021D /* AdaptiveButtonStyle.swift */; };
		C552BA75285706E20033855C /* ToggleWithDescription.swift in Sources */ = {isa = PBXBuildFile; fileRef = C552BA74285706E20033855C /* ToggleWithDescription.swift */; };
		C552BA79285DBA400033855C /* Debouncer.swift in Sources */ = {isa = PBXBuildFile; fileRef = C552BA78285DBA400033855C /* Debouncer.swift */; };
		C5583E0A28512B9F0026F67B /* DateExtension.swift in Sources */ = {isa = PBXBuildFile; fileRef = C5583E0928512B9F0026F67B /* DateExtension.swift */; };
		C5583E0C285230110026F67B /* ErrorService.swift in Sources */ = {isa = PBXBuildFile; fileRef = C5583E0B285230110026F67B /* ErrorService.swift */; };
		C5583E10285325B20026F67B /* Logging.swift in Sources */ = {isa = PBXBuildFile; fileRef = C5583E0F285325B20026F67B /* Logging.swift */; };
		C5583E14285464D40026F67B /* PreviewData.swift in Sources */ = {isa = PBXBuildFile; fileRef = C5583E13285464D40026F67B /* PreviewData.swift */; };
		C5583E1C2854722C0026F67B /* Allison.license in Resources */ = {isa = PBXBuildFile; fileRef = C5583E1A2854722C0026F67B /* Allison.license */; };
		C5583E1D2854722C0026F67B /* FefeReader.license in Resources */ = {isa = PBXBuildFile; fileRef = C5583E1B2854722C0026F67B /* FefeReader.license */; };
		C5583E1F2854837E0026F67B /* PopupView.license in Resources */ = {isa = PBXBuildFile; fileRef = C5583E1E2854837E0026F67B /* PopupView.license */; };
		C5583E21285483AA0026F67B /* SwiftSoup.license in Resources */ = {isa = PBXBuildFile; fileRef = C5583E20285483AA0026F67B /* SwiftSoup.license */; };
		C5583E23285483CF0026F67B /* SwiftUIWebView.license in Resources */ = {isa = PBXBuildFile; fileRef = C5583E22285483CF0026F67B /* SwiftUIWebView.license */; };
		C55EC20B285111560049AFB3 /* ColorExtension.swift in Sources */ = {isa = PBXBuildFile; fileRef = C55EC20A285111560049AFB3 /* ColorExtension.swift */; };
		C579325E2D1C3E44002BFCD7 /* PersistenceController+History.swift in Sources */ = {isa = PBXBuildFile; fileRef = C579325D2D1C3E3B002BFCD7 /* PersistenceController+History.swift */; };
		C57932602D1C9B03002BFCD7 /* PersistenceController+Deduplicate.swift in Sources */ = {isa = PBXBuildFile; fileRef = C579325F2D1C9AFA002BFCD7 /* PersistenceController+Deduplicate.swift */; };
		C5A93F1C2D05CB1A00C56A63 /* Settings.bundle in Resources */ = {isa = PBXBuildFile; fileRef = C5A93F1B2D05CB1A00C56A63 /* Settings.bundle */; };
		C5C687832CFC854900397385 /* StringExtension.swift in Sources */ = {isa = PBXBuildFile; fileRef = C5C687822CFC854100397385 /* StringExtension.swift */; };
		C5C687852CFC8C4400397385 /* swiftui-introspect.license in Resources */ = {isa = PBXBuildFile; fileRef = C5C687842CFC8C3C00397385 /* swiftui-introspect.license */; };
		C5E219B92CF6574B005B1F6A /* CoreDataHelper.swift in Sources */ = {isa = PBXBuildFile; fileRef = C5E219B82CF6574B005B1F6A /* CoreDataHelper.swift */; };
		C5E219BB2CF657A6005B1F6A /* PersistenceController.swift in Sources */ = {isa = PBXBuildFile; fileRef = C5E219BA2CF657A6005B1F6A /* PersistenceController.swift */; };
		C5E219BD2CF7A49A005B1F6A /* PersistenceController+BlogEntry.swift in Sources */ = {isa = PBXBuildFile; fileRef = C5E219BC2CF7A49A005B1F6A /* PersistenceController+BlogEntry.swift */; };
		C5E310A928464623005937FA /* BlogEntryDetailView.swift in Sources */ = {isa = PBXBuildFile; fileRef = C5E310A828464623005937FA /* BlogEntryDetailView.swift */; };
		C5E310AC28471DA6005937FA /* SwiftUIWebView in Frameworks */ = {isa = PBXBuildFile; productRef = C5E310AB28471DA6005937FA /* SwiftUIWebView */; };
		C5E310AE28472EEA005937FA /* BrowserPopupView.swift in Sources */ = {isa = PBXBuildFile; fileRef = C5E310AD28472EEA005937FA /* BrowserPopupView.swift */; };
		C5E310B528473EC7005937FA /* ExitButtonView.swift in Sources */ = {isa = PBXBuildFile; fileRef = C5E310B428473EC7005937FA /* ExitButtonView.swift */; };
		C5E310B828474033005937FA /* HtmlService.swift in Sources */ = {isa = PBXBuildFile; fileRef = C5E310B728474033005937FA /* HtmlService.swift */; };
		C5E310BA28475840005937FA /* MainApplicationView.swift in Sources */ = {isa = PBXBuildFile; fileRef = C5E310B928475840005937FA /* MainApplicationView.swift */; };
		C5E310BC28475A9A005937FA /* Settings.swift in Sources */ = {isa = PBXBuildFile; fileRef = C5E310BB28475A9A005937FA /* Settings.swift */; };
		C5E310BE28476130005937FA /* SettingsView.swift in Sources */ = {isa = PBXBuildFile; fileRef = C5E310BD28476130005937FA /* SettingsView.swift */; };
		C5EF75462D08DEFA0084F917 /* ContextView.swift in Sources */ = {isa = PBXBuildFile; fileRef = C5EF75452D08DEFA0084F917 /* ContextView.swift */; };
		C5FD07A0285EF4F00030F081 /* MinSizeScrollView.swift in Sources */ = {isa = PBXBuildFile; fileRef = C5FD079F285EF4F00030F081 /* MinSizeScrollView.swift */; };
		C5FD07A4286198020030F081 /* SectionedFetchedObjectsView.swift in Sources */ = {isa = PBXBuildFile; fileRef = C5FD07A3286198020030F081 /* SectionedFetchedObjectsView.swift */; };
		C5FD07A628623C260030F081 /* SearchableList.swift in Sources */ = {isa = PBXBuildFile; fileRef = C5FD07A528623C260030F081 /* SearchableList.swift */; };
		C5FD07A82862E5310030F081 /* TaskService.swift in Sources */ = {isa = PBXBuildFile; fileRef = C5FD07A72862E5310030F081 /* TaskService.swift */; };
		C5FD07AA28643EAA0030F081 /* LinkDisplayButton.swift in Sources */ = {isa = PBXBuildFile; fileRef = C5FD07A928643EAA0030F081 /* LinkDisplayButton.swift */; };
/* End PBXBuildFile section */

/* Begin PBXContainerItemProxy section */
		C524AD132843FD8C00EF24F1 /* PBXContainerItemProxy */ = {
			isa = PBXContainerItemProxy;
			containerPortal = C524ACF52843FD8900EF24F1 /* Project object */;
			proxyType = 1;
			remoteGlobalIDString = C524ACFC2843FD8900EF24F1;
			remoteInfo = FefeReader;
		};
		C524AD1D2843FD8C00EF24F1 /* PBXContainerItemProxy */ = {
			isa = PBXContainerItemProxy;
			containerPortal = C524ACF52843FD8900EF24F1 /* Project object */;
			proxyType = 1;
			remoteGlobalIDString = C524ACFC2843FD8900EF24F1;
			remoteInfo = FefeReader;
		};
/* End PBXContainerItemProxy section */

/* Begin PBXFileReference section */
		C51FA2BC284C78E4007FAD56 /* BackgroundTaskService.swift */ = {isa = PBXFileReference; lastKnownFileType = sourcecode.swift; path = BackgroundTaskService.swift; sourceTree = "<group>"; };
		C51FA2C1284DF31F007FAD56 /* NotificationService.swift */ = {isa = PBXFileReference; lastKnownFileType = sourcecode.swift; path = NotificationService.swift; sourceTree = "<group>"; };
		C51FA2C7284E5802007FAD56 /* UrlService.swift */ = {isa = PBXFileReference; lastKnownFileType = sourcecode.swift; path = UrlService.swift; sourceTree = "<group>"; };
		C51FA2C9284F30D3007FAD56 /* LicensesView.swift */ = {isa = PBXFileReference; lastKnownFileType = sourcecode.swift; path = LicensesView.swift; sourceTree = "<group>"; };
		C51FA2CB284F331A007FAD56 /* LicenseTextView.swift */ = {isa = PBXFileReference; lastKnownFileType = sourcecode.swift; path = LicenseTextView.swift; sourceTree = "<group>"; };
		C5243EA82844F0AE001CBA3D /* BlogEntryExtension.swift */ = {isa = PBXFileReference; lastKnownFileType = sourcecode.swift; path = BlogEntryExtension.swift; sourceTree = "<group>"; };
		C5243EAE2845CABC001CBA3D /* TextExtension.swift */ = {isa = PBXFileReference; lastKnownFileType = sourcecode.swift; path = TextExtension.swift; sourceTree = "<group>"; };
		C5243EB12845CDDB001CBA3D /* FefeBlogService.swift */ = {isa = PBXFileReference; lastKnownFileType = sourcecode.swift; path = FefeBlogService.swift; sourceTree = "<group>"; };
		C524ACFD2843FD8900EF24F1 /* FefeReader.app */ = {isa = PBXFileReference; explicitFileType = wrapper.application; includeInIndex = 0; path = FefeReader.app; sourceTree = BUILT_PRODUCTS_DIR; };
		C524AD002843FD8900EF24F1 /* FefeReaderApp.swift */ = {isa = PBXFileReference; lastKnownFileType = sourcecode.swift; path = FefeReaderApp.swift; sourceTree = "<group>"; };
		C524AD042843FD8C00EF24F1 /* Assets.xcassets */ = {isa = PBXFileReference; lastKnownFileType = folder.assetcatalog; path = Assets.xcassets; sourceTree = "<group>"; };
		C524AD072843FD8C00EF24F1 /* Preview Assets.xcassets */ = {isa = PBXFileReference; lastKnownFileType = folder.assetcatalog; path = "Preview Assets.xcassets"; sourceTree = "<group>"; };
		C524AD0C2843FD8C00EF24F1 /* FefeReader.xcdatamodel */ = {isa = PBXFileReference; lastKnownFileType = wrapper.xcdatamodel; path = FefeReader.xcdatamodel; sourceTree = "<group>"; };
		C524AD122843FD8C00EF24F1 /* FefeReaderTests.xctest */ = {isa = PBXFileReference; explicitFileType = wrapper.cfbundle; includeInIndex = 0; path = FefeReaderTests.xctest; sourceTree = BUILT_PRODUCTS_DIR; };
		C524AD162843FD8C00EF24F1 /* FefeReaderTests.swift */ = {isa = PBXFileReference; lastKnownFileType = sourcecode.swift; path = FefeReaderTests.swift; sourceTree = "<group>"; };
		C524AD1C2843FD8C00EF24F1 /* FefeReaderUITests.xctest */ = {isa = PBXFileReference; explicitFileType = wrapper.cfbundle; includeInIndex = 0; path = FefeReaderUITests.xctest; sourceTree = BUILT_PRODUCTS_DIR; };
		C524AD202843FD8C00EF24F1 /* FefeReaderUITests.swift */ = {isa = PBXFileReference; lastKnownFileType = sourcecode.swift; path = FefeReaderUITests.swift; sourceTree = "<group>"; };
		C524AD222843FD8C00EF24F1 /* FefeReaderUITestsLaunchTests.swift */ = {isa = PBXFileReference; lastKnownFileType = sourcecode.swift; path = FefeReaderUITestsLaunchTests.swift; sourceTree = "<group>"; };
		C524AD322843FEC500EF24F1 /* BlogEntryRowView.swift */ = {isa = PBXFileReference; lastKnownFileType = sourcecode.swift; path = BlogEntryRowView.swift; sourceTree = "<group>"; };
		C524AD342843FF5C00EF24F1 /* BlogEntryListView.swift */ = {isa = PBXFileReference; lastKnownFileType = sourcecode.swift; path = BlogEntryListView.swift; sourceTree = "<group>"; };
		C530683A28491D5700082BA2 /* CommonIcons.swift */ = {isa = PBXFileReference; lastKnownFileType = sourcecode.swift; path = CommonIcons.swift; sourceTree = "<group>"; };
		C530683E2849E2A600082BA2 /* Info.plist */ = {isa = PBXFileReference; lastKnownFileType = text.plist; path = Info.plist; sourceTree = "<group>"; };
		C533525E284F54EC0060A663 /* Allison-Regular.ttf */ = {isa = PBXFileReference; lastKnownFileType = file; name = "Allison-Regular.ttf"; path = "FefeReader/UI/Fonts/Allison-Regular.ttf"; sourceTree = SOURCE_ROOT; };
		C53B82D12D02283A00D4021D /* AdaptiveButtonStyle.swift */ = {isa = PBXFileReference; lastKnownFileType = sourcecode.swift; path = AdaptiveButtonStyle.swift; sourceTree = "<group>"; };
		C552BA74285706E20033855C /* ToggleWithDescription.swift */ = {isa = PBXFileReference; lastKnownFileType = sourcecode.swift; path = ToggleWithDescription.swift; sourceTree = "<group>"; };
		C552BA78285DBA400033855C /* Debouncer.swift */ = {isa = PBXFileReference; lastKnownFileType = sourcecode.swift; path = Debouncer.swift; sourceTree = "<group>"; };
		C5583E0928512B9F0026F67B /* DateExtension.swift */ = {isa = PBXFileReference; lastKnownFileType = sourcecode.swift; path = DateExtension.swift; sourceTree = "<group>"; };
		C5583E0B285230110026F67B /* ErrorService.swift */ = {isa = PBXFileReference; lastKnownFileType = sourcecode.swift; path = ErrorService.swift; sourceTree = "<group>"; };
		C5583E0F285325B20026F67B /* Logging.swift */ = {isa = PBXFileReference; lastKnownFileType = sourcecode.swift; path = Logging.swift; sourceTree = "<group>"; };
		C5583E13285464D40026F67B /* PreviewData.swift */ = {isa = PBXFileReference; lastKnownFileType = sourcecode.swift; path = PreviewData.swift; sourceTree = "<group>"; };
		C5583E1A2854722C0026F67B /* Allison.license */ = {isa = PBXFileReference; fileEncoding = 4; lastKnownFileType = text; path = Allison.license; sourceTree = "<group>"; };
		C5583E1B2854722C0026F67B /* FefeReader.license */ = {isa = PBXFileReference; fileEncoding = 4; lastKnownFileType = text; path = FefeReader.license; sourceTree = "<group>"; };
		C5583E1E2854837E0026F67B /* PopupView.license */ = {isa = PBXFileReference; lastKnownFileType = text; path = PopupView.license; sourceTree = "<group>"; };
		C5583E20285483AA0026F67B /* SwiftSoup.license */ = {isa = PBXFileReference; lastKnownFileType = text; path = SwiftSoup.license; sourceTree = "<group>"; };
		C5583E22285483CF0026F67B /* SwiftUIWebView.license */ = {isa = PBXFileReference; lastKnownFileType = text; path = SwiftUIWebView.license; sourceTree = "<group>"; };
		C55EC20A285111560049AFB3 /* ColorExtension.swift */ = {isa = PBXFileReference; lastKnownFileType = sourcecode.swift; path = ColorExtension.swift; sourceTree = "<group>"; };
		C579325D2D1C3E3B002BFCD7 /* PersistenceController+History.swift */ = {isa = PBXFileReference; lastKnownFileType = sourcecode.swift; path = "PersistenceController+History.swift"; sourceTree = "<group>"; };
		C579325F2D1C9AFA002BFCD7 /* PersistenceController+Deduplicate.swift */ = {isa = PBXFileReference; lastKnownFileType = sourcecode.swift; path = "PersistenceController+Deduplicate.swift"; sourceTree = "<group>"; };
		C57932612D1CA120002BFCD7 /* FefeReader.entitlements */ = {isa = PBXFileReference; lastKnownFileType = text.plist.entitlements; path = FefeReader.entitlements; sourceTree = "<group>"; };
		C5A93F1B2D05CB1A00C56A63 /* Settings.bundle */ = {isa = PBXFileReference; lastKnownFileType = "wrapper.plug-in"; path = Settings.bundle; sourceTree = "<group>"; };
		C5C687822CFC854100397385 /* StringExtension.swift */ = {isa = PBXFileReference; lastKnownFileType = sourcecode.swift; path = StringExtension.swift; sourceTree = "<group>"; };
		C5C687842CFC8C3C00397385 /* swiftui-introspect.license */ = {isa = PBXFileReference; lastKnownFileType = text; path = "swiftui-introspect.license"; sourceTree = "<group>"; };
		C5E219B82CF6574B005B1F6A /* CoreDataHelper.swift */ = {isa = PBXFileReference; lastKnownFileType = sourcecode.swift; path = CoreDataHelper.swift; sourceTree = "<group>"; };
		C5E219BA2CF657A6005B1F6A /* PersistenceController.swift */ = {isa = PBXFileReference; lastKnownFileType = sourcecode.swift; path = PersistenceController.swift; sourceTree = "<group>"; };
		C5E219BC2CF7A49A005B1F6A /* PersistenceController+BlogEntry.swift */ = {isa = PBXFileReference; lastKnownFileType = sourcecode.swift; path = "PersistenceController+BlogEntry.swift"; sourceTree = "<group>"; };
		C5E310A828464623005937FA /* BlogEntryDetailView.swift */ = {isa = PBXFileReference; lastKnownFileType = sourcecode.swift; path = BlogEntryDetailView.swift; sourceTree = "<group>"; };
		C5E310AD28472EEA005937FA /* BrowserPopupView.swift */ = {isa = PBXFileReference; lastKnownFileType = sourcecode.swift; path = BrowserPopupView.swift; sourceTree = "<group>"; };
		C5E310B428473EC7005937FA /* ExitButtonView.swift */ = {isa = PBXFileReference; lastKnownFileType = sourcecode.swift; path = ExitButtonView.swift; sourceTree = "<group>"; };
		C5E310B728474033005937FA /* HtmlService.swift */ = {isa = PBXFileReference; lastKnownFileType = sourcecode.swift; path = HtmlService.swift; sourceTree = "<group>"; };
		C5E310B928475840005937FA /* MainApplicationView.swift */ = {isa = PBXFileReference; lastKnownFileType = sourcecode.swift; path = MainApplicationView.swift; sourceTree = "<group>"; };
		C5E310BB28475A9A005937FA /* Settings.swift */ = {isa = PBXFileReference; lastKnownFileType = sourcecode.swift; path = Settings.swift; sourceTree = "<group>"; };
		C5E310BD28476130005937FA /* SettingsView.swift */ = {isa = PBXFileReference; lastKnownFileType = sourcecode.swift; path = SettingsView.swift; sourceTree = "<group>"; };
		C5EF75452D08DEFA0084F917 /* ContextView.swift */ = {isa = PBXFileReference; lastKnownFileType = sourcecode.swift; path = ContextView.swift; sourceTree = "<group>"; };
		C5FD079F285EF4F00030F081 /* MinSizeScrollView.swift */ = {isa = PBXFileReference; lastKnownFileType = sourcecode.swift; path = MinSizeScrollView.swift; sourceTree = "<group>"; };
		C5FD07A3286198020030F081 /* SectionedFetchedObjectsView.swift */ = {isa = PBXFileReference; lastKnownFileType = sourcecode.swift; path = SectionedFetchedObjectsView.swift; sourceTree = "<group>"; };
		C5FD07A528623C260030F081 /* SearchableList.swift */ = {isa = PBXFileReference; lastKnownFileType = sourcecode.swift; path = SearchableList.swift; sourceTree = "<group>"; };
		C5FD07A72862E5310030F081 /* TaskService.swift */ = {isa = PBXFileReference; lastKnownFileType = sourcecode.swift; path = TaskService.swift; sourceTree = "<group>"; };
		C5FD07A928643EAA0030F081 /* LinkDisplayButton.swift */ = {isa = PBXFileReference; lastKnownFileType = sourcecode.swift; path = LinkDisplayButton.swift; sourceTree = "<group>"; };
/* End PBXFileReference section */

/* Begin PBXFrameworksBuildPhase section */
		C524ACFA2843FD8900EF24F1 /* Frameworks */ = {
			isa = PBXFrameworksBuildPhase;
			buildActionMask = 2147483647;
			files = (
				C51FA2C6284E2945007FAD56 /* PopupView in Frameworks */,
				C5E310AC28471DA6005937FA /* SwiftUIWebView in Frameworks */,
				C5243EBB28460D2F001CBA3D /* SwiftSoup in Frameworks */,
			);
			runOnlyForDeploymentPostprocessing = 0;
		};
		C524AD0F2843FD8C00EF24F1 /* Frameworks */ = {
			isa = PBXFrameworksBuildPhase;
			buildActionMask = 2147483647;
			files = (
			);
			runOnlyForDeploymentPostprocessing = 0;
		};
		C524AD192843FD8C00EF24F1 /* Frameworks */ = {
			isa = PBXFrameworksBuildPhase;
			buildActionMask = 2147483647;
			files = (
			);
			runOnlyForDeploymentPostprocessing = 0;
		};
/* End PBXFrameworksBuildPhase section */

/* Begin PBXGroup section */
		C51FA2C0284DF30B007FAD56 /* Services */ = {
			isa = PBXGroup;
			children = (
				C51FA2BC284C78E4007FAD56 /* BackgroundTaskService.swift */,
				C552BA78285DBA400033855C /* Debouncer.swift */,
				C5583E0B285230110026F67B /* ErrorService.swift */,
				C5243EB12845CDDB001CBA3D /* FefeBlogService.swift */,
				C5E310B728474033005937FA /* HtmlService.swift */,
				C51FA2C1284DF31F007FAD56 /* NotificationService.swift */,
				C5E310BB28475A9A005937FA /* Settings.swift */,
				C5FD07A72862E5310030F081 /* TaskService.swift */,
				C51FA2C7284E5802007FAD56 /* UrlService.swift */,
			);
			path = Services;
			sourceTree = "<group>";
		};
		C51FA2C3284E2212007FAD56 /* Model */ = {
			isa = PBXGroup;
			children = (
				C5243EA82844F0AE001CBA3D /* BlogEntryExtension.swift */,
				C55EC20A285111560049AFB3 /* ColorExtension.swift */,
				C5583E0928512B9F0026F67B /* DateExtension.swift */,
				C5C687822CFC854100397385 /* StringExtension.swift */,
			);
			path = Model;
			sourceTree = "<group>";
		};
		C5243EB32845CF5B001CBA3D /* Views */ = {
			isa = PBXGroup;
			children = (
				C5E310B928475840005937FA /* MainApplicationView.swift */,
				C524AD342843FF5C00EF24F1 /* BlogEntryListView.swift */,
				C5E310A828464623005937FA /* BlogEntryDetailView.swift */,
				C5E310AD28472EEA005937FA /* BrowserPopupView.swift */,
				C5E310BD28476130005937FA /* SettingsView.swift */,
				C51FA2C9284F30D3007FAD56 /* LicensesView.swift */,
				C51FA2CB284F331A007FAD56 /* LicenseTextView.swift */,
			);
			path = Views;
			sourceTree = "<group>";
		};
		C524ACF42843FD8900EF24F1 = {
			isa = PBXGroup;
			children = (
				C524ACFF2843FD8900EF24F1 /* FefeReader */,
				C524AD152843FD8C00EF24F1 /* FefeReaderTests */,
				C524AD1F2843FD8C00EF24F1 /* FefeReaderUITests */,
				C524ACFE2843FD8900EF24F1 /* Products */,
			);
			sourceTree = "<group>";
		};
		C524ACFE2843FD8900EF24F1 /* Products */ = {
			isa = PBXGroup;
			children = (
				C524ACFD2843FD8900EF24F1 /* FefeReader.app */,
				C524AD122843FD8C00EF24F1 /* FefeReaderTests.xctest */,
				C524AD1C2843FD8C00EF24F1 /* FefeReaderUITests.xctest */,
			);
			name = Products;
			sourceTree = "<group>";
		};
		C524ACFF2843FD8900EF24F1 /* FefeReader */ = {
			isa = PBXGroup;
			children = (
				C57932612D1CA120002BFCD7 /* FefeReader.entitlements */,
				C530683E2849E2A600082BA2 /* Info.plist */,
				C524AD002843FD8900EF24F1 /* FefeReaderApp.swift */,
				C5583E0F285325B20026F67B /* Logging.swift */,
				C524AD2F2843FE8000EF24F1 /* UI */,
				C51FA2C3284E2212007FAD56 /* Model */,
				C51FA2C0284DF30B007FAD56 /* Services */,
				C524AD302843FE8C00EF24F1 /* Persistence */,
				C524AD042843FD8C00EF24F1 /* Assets.xcassets */,
				C524AD0B2843FD8C00EF24F1 /* FefeReader.xcdatamodeld */,
				C524AD062843FD8C00EF24F1 /* Preview Content */,
				C5A93F1B2D05CB1A00C56A63 /* Settings.bundle */,
			);
			path = FefeReader;
			sourceTree = "<group>";
		};
		C524AD062843FD8C00EF24F1 /* Preview Content */ = {
			isa = PBXGroup;
			children = (
				C524AD072843FD8C00EF24F1 /* Preview Assets.xcassets */,
			);
			path = "Preview Content";
			sourceTree = "<group>";
		};
		C524AD152843FD8C00EF24F1 /* FefeReaderTests */ = {
			isa = PBXGroup;
			children = (
				C524AD162843FD8C00EF24F1 /* FefeReaderTests.swift */,
			);
			path = FefeReaderTests;
			sourceTree = "<group>";
		};
		C524AD1F2843FD8C00EF24F1 /* FefeReaderUITests */ = {
			isa = PBXGroup;
			children = (
				C524AD202843FD8C00EF24F1 /* FefeReaderUITests.swift */,
				C524AD222843FD8C00EF24F1 /* FefeReaderUITestsLaunchTests.swift */,
			);
			path = FefeReaderUITests;
			sourceTree = "<group>";
		};
		C524AD2F2843FE8000EF24F1 /* UI */ = {
			isa = PBXGroup;
			children = (
				C5243EB32845CF5B001CBA3D /* Views */,
				C524AD312843FEA500EF24F1 /* Widgets */,
				C58495A92D02343B0039300C /* Modifiers */,
				C530683928491D3D00082BA2 /* Shared */,
				C5335263284F75CF0060A663 /* Fonts */,
				C5583E15285470D30026F67B /* Licenses */,
			);
			path = UI;
			sourceTree = "<group>";
		};
		C524AD302843FE8C00EF24F1 /* Persistence */ = {
			isa = PBXGroup;
			children = (
				C5E219B82CF6574B005B1F6A /* CoreDataHelper.swift */,
				C5E219BA2CF657A6005B1F6A /* PersistenceController.swift */,
				C5E219BC2CF7A49A005B1F6A /* PersistenceController+BlogEntry.swift */,
				C579325D2D1C3E3B002BFCD7 /* PersistenceController+History.swift */,
				C579325F2D1C9AFA002BFCD7 /* PersistenceController+Deduplicate.swift */,
				C5583E13285464D40026F67B /* PreviewData.swift */,
			);
			path = Persistence;
			sourceTree = "<group>";
		};
		C524AD312843FEA500EF24F1 /* Widgets */ = {
			isa = PBXGroup;
			children = (
				C524AD322843FEC500EF24F1 /* BlogEntryRowView.swift */,
				C5E310B428473EC7005937FA /* ExitButtonView.swift */,
				C552BA74285706E20033855C /* ToggleWithDescription.swift */,
				C5FD079F285EF4F00030F081 /* MinSizeScrollView.swift */,
				C5FD07A3286198020030F081 /* SectionedFetchedObjectsView.swift */,
				C5FD07A528623C260030F081 /* SearchableList.swift */,
				C5FD07A928643EAA0030F081 /* LinkDisplayButton.swift */,
			);
			path = Widgets;
			sourceTree = "<group>";
		};
		C530683928491D3D00082BA2 /* Shared */ = {
			isa = PBXGroup;
			children = (
				C5243EAE2845CABC001CBA3D /* TextExtension.swift */,
				C530683A28491D5700082BA2 /* CommonIcons.swift */,
			);
			path = Shared;
			sourceTree = "<group>";
		};
		C5335263284F75CF0060A663 /* Fonts */ = {
			isa = PBXGroup;
			children = (
				C533525E284F54EC0060A663 /* Allison-Regular.ttf */,
			);
			path = Fonts;
			sourceTree = "<group>";
		};
		C5583E15285470D30026F67B /* Licenses */ = {
			isa = PBXGroup;
			children = (
				C5C687842CFC8C3C00397385 /* swiftui-introspect.license */,
				C5583E1A2854722C0026F67B /* Allison.license */,
				C5583E1B2854722C0026F67B /* FefeReader.license */,
				C5583E1E2854837E0026F67B /* PopupView.license */,
				C5583E20285483AA0026F67B /* SwiftSoup.license */,
				C5583E22285483CF0026F67B /* SwiftUIWebView.license */,
			);
			path = Licenses;
			sourceTree = "<group>";
		};
		C58495A92D02343B0039300C /* Modifiers */ = {
			isa = PBXGroup;
			children = (
				C53B82D12D02283A00D4021D /* AdaptiveButtonStyle.swift */,
				C5EF75452D08DEFA0084F917 /* ContextView.swift */,
			);
			path = Modifiers;
			sourceTree = "<group>";
		};
/* End PBXGroup section */

/* Begin PBXNativeTarget section */
		C524ACFC2843FD8900EF24F1 /* FefeReader */ = {
			isa = PBXNativeTarget;
			buildConfigurationList = C524AD262843FD8C00EF24F1 /* Build configuration list for PBXNativeTarget "FefeReader" */;
			buildPhases = (
				C524ACF92843FD8900EF24F1 /* Sources */,
				C524ACFA2843FD8900EF24F1 /* Frameworks */,
				C524ACFB2843FD8900EF24F1 /* Resources */,
			);
			buildRules = (
			);
			dependencies = (
			);
			name = FefeReader;
			packageProductDependencies = (
				C5243EBA28460D2F001CBA3D /* SwiftSoup */,
				C5E310AB28471DA6005937FA /* SwiftUIWebView */,
				C51FA2C5284E2945007FAD56 /* PopupView */,
			);
			productName = FefeReader;
			productReference = C524ACFD2843FD8900EF24F1 /* FefeReader.app */;
			productType = "com.apple.product-type.application";
		};
		C524AD112843FD8C00EF24F1 /* FefeReaderTests */ = {
			isa = PBXNativeTarget;
			buildConfigurationList = C524AD292843FD8C00EF24F1 /* Build configuration list for PBXNativeTarget "FefeReaderTests" */;
			buildPhases = (
				C524AD0E2843FD8C00EF24F1 /* Sources */,
				C524AD0F2843FD8C00EF24F1 /* Frameworks */,
				C524AD102843FD8C00EF24F1 /* Resources */,
			);
			buildRules = (
			);
			dependencies = (
				C524AD142843FD8C00EF24F1 /* PBXTargetDependency */,
			);
			name = FefeReaderTests;
			productName = FefeReaderTests;
			productReference = C524AD122843FD8C00EF24F1 /* FefeReaderTests.xctest */;
			productType = "com.apple.product-type.bundle.unit-test";
		};
		C524AD1B2843FD8C00EF24F1 /* FefeReaderUITests */ = {
			isa = PBXNativeTarget;
			buildConfigurationList = C524AD2C2843FD8C00EF24F1 /* Build configuration list for PBXNativeTarget "FefeReaderUITests" */;
			buildPhases = (
				C524AD182843FD8C00EF24F1 /* Sources */,
				C524AD192843FD8C00EF24F1 /* Frameworks */,
				C524AD1A2843FD8C00EF24F1 /* Resources */,
			);
			buildRules = (
			);
			dependencies = (
				C524AD1E2843FD8C00EF24F1 /* PBXTargetDependency */,
			);
			name = FefeReaderUITests;
			productName = FefeReaderUITests;
			productReference = C524AD1C2843FD8C00EF24F1 /* FefeReaderUITests.xctest */;
			productType = "com.apple.product-type.bundle.ui-testing";
		};
/* End PBXNativeTarget section */

/* Begin PBXProject section */
		C524ACF52843FD8900EF24F1 /* Project object */ = {
			isa = PBXProject;
			attributes = {
				BuildIndependentTargetsInParallel = 1;
				LastSwiftUpdateCheck = 1340;
				LastUpgradeCheck = 1610;
				TargetAttributes = {
					C524ACFC2843FD8900EF24F1 = {
						CreatedOnToolsVersion = 13.4;
					};
					C524AD112843FD8C00EF24F1 = {
						CreatedOnToolsVersion = 13.4;
						TestTargetID = C524ACFC2843FD8900EF24F1;
					};
					C524AD1B2843FD8C00EF24F1 = {
						CreatedOnToolsVersion = 13.4;
						TestTargetID = C524ACFC2843FD8900EF24F1;
					};
				};
			};
			buildConfigurationList = C524ACF82843FD8900EF24F1 /* Build configuration list for PBXProject "FefeReader" */;
			compatibilityVersion = "Xcode 13.0";
			developmentRegion = de;
			hasScannedForEncodings = 0;
			knownRegions = (
				de,
			);
			mainGroup = C524ACF42843FD8900EF24F1;
			packageReferences = (
				C5243EB928460D2F001CBA3D /* XCRemoteSwiftPackageReference "SwiftSoup" */,
				C5E310AA28471DA6005937FA /* XCRemoteSwiftPackageReference "swiftui-webview" */,
				C51FA2C4284E2945007FAD56 /* XCRemoteSwiftPackageReference "PopupView" */,
			);
			productRefGroup = C524ACFE2843FD8900EF24F1 /* Products */;
			projectDirPath = "";
			projectRoot = "";
			targets = (
				C524ACFC2843FD8900EF24F1 /* FefeReader */,
				C524AD112843FD8C00EF24F1 /* FefeReaderTests */,
				C524AD1B2843FD8C00EF24F1 /* FefeReaderUITests */,
			);
		};
/* End PBXProject section */

/* Begin PBXResourcesBuildPhase section */
		C524ACFB2843FD8900EF24F1 /* Resources */ = {
			isa = PBXResourcesBuildPhase;
			buildActionMask = 2147483647;
			files = (
				C5583E1D2854722C0026F67B /* FefeReader.license in Resources */,
				C524AD082843FD8C00EF24F1 /* Preview Assets.xcassets in Resources */,
				C5A93F1C2D05CB1A00C56A63 /* Settings.bundle in Resources */,
				C533525F284F54EC0060A663 /* Allison-Regular.ttf in Resources */,
				C5C687852CFC8C4400397385 /* swiftui-introspect.license in Resources */,
				C5583E23285483CF0026F67B /* SwiftUIWebView.license in Resources */,
				C5583E1C2854722C0026F67B /* Allison.license in Resources */,
				C5583E21285483AA0026F67B /* SwiftSoup.license in Resources */,
				C524AD052843FD8C00EF24F1 /* Assets.xcassets in Resources */,
				C5583E1F2854837E0026F67B /* PopupView.license in Resources */,
			);
			runOnlyForDeploymentPostprocessing = 0;
		};
		C524AD102843FD8C00EF24F1 /* Resources */ = {
			isa = PBXResourcesBuildPhase;
			buildActionMask = 2147483647;
			files = (
			);
			runOnlyForDeploymentPostprocessing = 0;
		};
		C524AD1A2843FD8C00EF24F1 /* Resources */ = {
			isa = PBXResourcesBuildPhase;
			buildActionMask = 2147483647;
			files = (
			);
			runOnlyForDeploymentPostprocessing = 0;
		};
/* End PBXResourcesBuildPhase section */

/* Begin PBXSourcesBuildPhase section */
		C524ACF92843FD8900EF24F1 /* Sources */ = {
			isa = PBXSourcesBuildPhase;
			buildActionMask = 2147483647;
			files = (
				C524AD0D2843FD8C00EF24F1 /* FefeReader.xcdatamodeld in Sources */,
				C5583E10285325B20026F67B /* Logging.swift in Sources */,
				C5583E0A28512B9F0026F67B /* DateExtension.swift in Sources */,
				C552BA79285DBA400033855C /* Debouncer.swift in Sources */,
				C5243EAF2845CABC001CBA3D /* TextExtension.swift in Sources */,
				C5243EB22845CDDB001CBA3D /* FefeBlogService.swift in Sources */,
				C5FD07A0285EF4F00030F081 /* MinSizeScrollView.swift in Sources */,
				C5243EA92844F0AE001CBA3D /* BlogEntryExtension.swift in Sources */,
				C530683B28491D5700082BA2 /* CommonIcons.swift in Sources */,
				C57932602D1C9B03002BFCD7 /* PersistenceController+Deduplicate.swift in Sources */,
				C5FD07A4286198020030F081 /* SectionedFetchedObjectsView.swift in Sources */,
				C5FD07A628623C260030F081 /* SearchableList.swift in Sources */,
				C5C687832CFC854900397385 /* StringExtension.swift in Sources */,
				C579325E2D1C3E44002BFCD7 /* PersistenceController+History.swift in Sources */,
				C5EF75462D08DEFA0084F917 /* ContextView.swift in Sources */,
				C5E310B528473EC7005937FA /* ExitButtonView.swift in Sources */,
				C51FA2C8284E5802007FAD56 /* UrlService.swift in Sources */,
				C5E310BC28475A9A005937FA /* Settings.swift in Sources */,
				C55EC20B285111560049AFB3 /* ColorExtension.swift in Sources */,
				C5E310B828474033005937FA /* HtmlService.swift in Sources */,
				C5583E14285464D40026F67B /* PreviewData.swift in Sources */,
				C5FD07A82862E5310030F081 /* TaskService.swift in Sources */,
				C524AD332843FEC500EF24F1 /* BlogEntryRowView.swift in Sources */,
				C51FA2C2284DF31F007FAD56 /* NotificationService.swift in Sources */,
				C5243EB42845CF8A001CBA3D /* BlogEntryListView.swift in Sources */,
				C51FA2CA284F30D3007FAD56 /* LicensesView.swift in Sources */,
				C53B82D22D02283A00D4021D /* AdaptiveButtonStyle.swift in Sources */,
				C5E219BB2CF657A6005B1F6A /* PersistenceController.swift in Sources */,
				C5E310A928464623005937FA /* BlogEntryDetailView.swift in Sources */,
				C51FA2BD284C78E4007FAD56 /* BackgroundTaskService.swift in Sources */,
				C5583E0C285230110026F67B /* ErrorService.swift in Sources */,
				C5FD07AA28643EAA0030F081 /* LinkDisplayButton.swift in Sources */,
				C5E310BA28475840005937FA /* MainApplicationView.swift in Sources */,
				C524AD012843FD8900EF24F1 /* FefeReaderApp.swift in Sources */,
				C5E310AE28472EEA005937FA /* BrowserPopupView.swift in Sources */,
				C5E219BD2CF7A49A005B1F6A /* PersistenceController+BlogEntry.swift in Sources */,
				C5E219B92CF6574B005B1F6A /* CoreDataHelper.swift in Sources */,
				C51FA2CC284F331A007FAD56 /* LicenseTextView.swift in Sources */,
				C5E310BE28476130005937FA /* SettingsView.swift in Sources */,
				C552BA75285706E20033855C /* ToggleWithDescription.swift in Sources */,
			);
			runOnlyForDeploymentPostprocessing = 0;
		};
		C524AD0E2843FD8C00EF24F1 /* Sources */ = {
			isa = PBXSourcesBuildPhase;
			buildActionMask = 2147483647;
			files = (
				C524AD172843FD8C00EF24F1 /* FefeReaderTests.swift in Sources */,
			);
			runOnlyForDeploymentPostprocessing = 0;
		};
		C524AD182843FD8C00EF24F1 /* Sources */ = {
			isa = PBXSourcesBuildPhase;
			buildActionMask = 2147483647;
			files = (
				C524AD212843FD8C00EF24F1 /* FefeReaderUITests.swift in Sources */,
				C524AD232843FD8C00EF24F1 /* FefeReaderUITestsLaunchTests.swift in Sources */,
			);
			runOnlyForDeploymentPostprocessing = 0;
		};
/* End PBXSourcesBuildPhase section */

/* Begin PBXTargetDependency section */
		C524AD142843FD8C00EF24F1 /* PBXTargetDependency */ = {
			isa = PBXTargetDependency;
			target = C524ACFC2843FD8900EF24F1 /* FefeReader */;
			targetProxy = C524AD132843FD8C00EF24F1 /* PBXContainerItemProxy */;
		};
		C524AD1E2843FD8C00EF24F1 /* PBXTargetDependency */ = {
			isa = PBXTargetDependency;
			target = C524ACFC2843FD8900EF24F1 /* FefeReader */;
			targetProxy = C524AD1D2843FD8C00EF24F1 /* PBXContainerItemProxy */;
		};
/* End PBXTargetDependency section */

/* Begin XCBuildConfiguration section */
		C524AD242843FD8C00EF24F1 /* Debug */ = {
			isa = XCBuildConfiguration;
			buildSettings = {
				ALWAYS_SEARCH_USER_PATHS = NO;
				CLANG_ANALYZER_NONNULL = YES;
				CLANG_ANALYZER_NUMBER_OBJECT_CONVERSION = YES_AGGRESSIVE;
				CLANG_CXX_LANGUAGE_STANDARD = "gnu++17";
				CLANG_ENABLE_MODULES = YES;
				CLANG_ENABLE_OBJC_ARC = YES;
				CLANG_ENABLE_OBJC_WEAK = YES;
				CLANG_WARN_BLOCK_CAPTURE_AUTORELEASING = YES;
				CLANG_WARN_BOOL_CONVERSION = YES;
				CLANG_WARN_COMMA = YES;
				CLANG_WARN_CONSTANT_CONVERSION = YES;
				CLANG_WARN_DEPRECATED_OBJC_IMPLEMENTATIONS = YES;
				CLANG_WARN_DIRECT_OBJC_ISA_USAGE = YES_ERROR;
				CLANG_WARN_DOCUMENTATION_COMMENTS = YES;
				CLANG_WARN_EMPTY_BODY = YES;
				CLANG_WARN_ENUM_CONVERSION = YES;
				CLANG_WARN_INFINITE_RECURSION = YES;
				CLANG_WARN_INT_CONVERSION = YES;
				CLANG_WARN_NON_LITERAL_NULL_CONVERSION = YES;
				CLANG_WARN_OBJC_IMPLICIT_RETAIN_SELF = YES;
				CLANG_WARN_OBJC_LITERAL_CONVERSION = YES;
				CLANG_WARN_OBJC_ROOT_CLASS = YES_ERROR;
				CLANG_WARN_QUOTED_INCLUDE_IN_FRAMEWORK_HEADER = YES;
				CLANG_WARN_RANGE_LOOP_ANALYSIS = YES;
				CLANG_WARN_STRICT_PROTOTYPES = YES;
				CLANG_WARN_SUSPICIOUS_MOVE = YES;
				CLANG_WARN_UNGUARDED_AVAILABILITY = YES_AGGRESSIVE;
				CLANG_WARN_UNREACHABLE_CODE = YES;
				CLANG_WARN__DUPLICATE_METHOD_MATCH = YES;
				COPY_PHASE_STRIP = NO;
				DEBUG_INFORMATION_FORMAT = dwarf;
				ENABLE_STRICT_OBJC_MSGSEND = YES;
				ENABLE_TESTABILITY = YES;
				GCC_C_LANGUAGE_STANDARD = gnu11;
				GCC_DYNAMIC_NO_PIC = NO;
				GCC_NO_COMMON_BLOCKS = YES;
				GCC_OPTIMIZATION_LEVEL = 0;
				GCC_PREPROCESSOR_DEFINITIONS = (
					"DEBUG=1",
					"$(inherited)",
				);
				GCC_WARN_64_TO_32_BIT_CONVERSION = YES;
				GCC_WARN_ABOUT_RETURN_TYPE = YES_ERROR;
				GCC_WARN_UNDECLARED_SELECTOR = YES;
				GCC_WARN_UNINITIALIZED_AUTOS = YES_AGGRESSIVE;
				GCC_WARN_UNUSED_FUNCTION = YES;
				GCC_WARN_UNUSED_VARIABLE = YES;
				IPHONEOS_DEPLOYMENT_TARGET = 15.0;
				MTL_ENABLE_DEBUG_INFO = INCLUDE_SOURCE;
				MTL_FAST_MATH = YES;
				ONLY_ACTIVE_ARCH = YES;
				SDKROOT = iphoneos;
				SWIFT_ACTIVE_COMPILATION_CONDITIONS = DEBUG;
				SWIFT_OPTIMIZATION_LEVEL = "-Onone";
			};
			name = Debug;
		};
		C524AD252843FD8C00EF24F1 /* Release */ = {
			isa = XCBuildConfiguration;
			buildSettings = {
				ALWAYS_SEARCH_USER_PATHS = NO;
				CLANG_ANALYZER_NONNULL = YES;
				CLANG_ANALYZER_NUMBER_OBJECT_CONVERSION = YES_AGGRESSIVE;
				CLANG_CXX_LANGUAGE_STANDARD = "gnu++17";
				CLANG_ENABLE_MODULES = YES;
				CLANG_ENABLE_OBJC_ARC = YES;
				CLANG_ENABLE_OBJC_WEAK = YES;
				CLANG_WARN_BLOCK_CAPTURE_AUTORELEASING = YES;
				CLANG_WARN_BOOL_CONVERSION = YES;
				CLANG_WARN_COMMA = YES;
				CLANG_WARN_CONSTANT_CONVERSION = YES;
				CLANG_WARN_DEPRECATED_OBJC_IMPLEMENTATIONS = YES;
				CLANG_WARN_DIRECT_OBJC_ISA_USAGE = YES_ERROR;
				CLANG_WARN_DOCUMENTATION_COMMENTS = YES;
				CLANG_WARN_EMPTY_BODY = YES;
				CLANG_WARN_ENUM_CONVERSION = YES;
				CLANG_WARN_INFINITE_RECURSION = YES;
				CLANG_WARN_INT_CONVERSION = YES;
				CLANG_WARN_NON_LITERAL_NULL_CONVERSION = YES;
				CLANG_WARN_OBJC_IMPLICIT_RETAIN_SELF = YES;
				CLANG_WARN_OBJC_LITERAL_CONVERSION = YES;
				CLANG_WARN_OBJC_ROOT_CLASS = YES_ERROR;
				CLANG_WARN_QUOTED_INCLUDE_IN_FRAMEWORK_HEADER = YES;
				CLANG_WARN_RANGE_LOOP_ANALYSIS = YES;
				CLANG_WARN_STRICT_PROTOTYPES = YES;
				CLANG_WARN_SUSPICIOUS_MOVE = YES;
				CLANG_WARN_UNGUARDED_AVAILABILITY = YES_AGGRESSIVE;
				CLANG_WARN_UNREACHABLE_CODE = YES;
				CLANG_WARN__DUPLICATE_METHOD_MATCH = YES;
				COPY_PHASE_STRIP = NO;
				DEBUG_INFORMATION_FORMAT = "dwarf-with-dsym";
				ENABLE_NS_ASSERTIONS = NO;
				ENABLE_STRICT_OBJC_MSGSEND = YES;
				GCC_C_LANGUAGE_STANDARD = gnu11;
				GCC_NO_COMMON_BLOCKS = YES;
				GCC_WARN_64_TO_32_BIT_CONVERSION = YES;
				GCC_WARN_ABOUT_RETURN_TYPE = YES_ERROR;
				GCC_WARN_UNDECLARED_SELECTOR = YES;
				GCC_WARN_UNINITIALIZED_AUTOS = YES_AGGRESSIVE;
				GCC_WARN_UNUSED_FUNCTION = YES;
				GCC_WARN_UNUSED_VARIABLE = YES;
				IPHONEOS_DEPLOYMENT_TARGET = 15.0;
				MTL_ENABLE_DEBUG_INFO = NO;
				MTL_FAST_MATH = YES;
				SDKROOT = iphoneos;
				SWIFT_COMPILATION_MODE = wholemodule;
				SWIFT_OPTIMIZATION_LEVEL = "-O";
				VALIDATE_PRODUCT = YES;
			};
			name = Release;
		};
		C524AD272843FD8C00EF24F1 /* Debug */ = {
			isa = XCBuildConfiguration;
			buildSettings = {
				ASSETCATALOG_COMPILER_APPICON_NAME = AppIcon;
				ASSETCATALOG_COMPILER_GLOBAL_ACCENT_COLOR_NAME = AccentColor;
				CODE_SIGN_ENTITLEMENTS = FefeReader/FefeReader.entitlements;
				CODE_SIGN_IDENTITY = "Apple Development";
				CODE_SIGN_STYLE = Automatic;
				CURRENT_PROJECT_VERSION = 16;
				DEVELOPMENT_ASSET_PATHS = "\"FefeReader/Preview Content\"";
				DEVELOPMENT_TEAM = NBA2M3HYSW;
				ENABLE_PREVIEWS = YES;
				GENERATE_INFOPLIST_FILE = YES;
				INFOPLIST_FILE = FefeReader/Info.plist;
				INFOPLIST_KEY_UIApplicationSceneManifest_Generation = YES;
				INFOPLIST_KEY_UIApplicationSupportsIndirectInputEvents = YES;
				INFOPLIST_KEY_UISupportedInterfaceOrientations_iPad = "UIInterfaceOrientationPortrait UIInterfaceOrientationPortraitUpsideDown UIInterfaceOrientationLandscapeLeft UIInterfaceOrientationLandscapeRight";
				INFOPLIST_KEY_UISupportedInterfaceOrientations_iPhone = "UIInterfaceOrientationPortrait UIInterfaceOrientationLandscapeLeft UIInterfaceOrientationLandscapeRight";
				IPHONEOS_DEPLOYMENT_TARGET = 16.0;
				LD_RUNPATH_SEARCH_PATHS = (
					"$(inherited)",
					"@executable_path/Frameworks",
				);
				MACOSX_DEPLOYMENT_TARGET = 13.0;
				MARKETING_VERSION = 1.5;
				PRODUCT_BUNDLE_IDENTIFIER = org.olafneumann.FefeReader;
				PRODUCT_NAME = "$(TARGET_NAME)";
				PROVISIONING_PROFILE_SPECIFIER = "";
				REGISTER_APP_GROUPS = NO;
				SUPPORTED_PLATFORMS = "iphoneos iphonesimulator";
				SUPPORTS_MACCATALYST = NO;
				SUPPORTS_MAC_DESIGNED_FOR_IPHONE_IPAD = YES;
				SWIFT_EMIT_LOC_STRINGS = YES;
				SWIFT_VERSION = 5.0;
				TARGETED_DEVICE_FAMILY = "1,2";
			};
			name = Debug;
		};
		C524AD282843FD8C00EF24F1 /* Release */ = {
			isa = XCBuildConfiguration;
			buildSettings = {
				ASSETCATALOG_COMPILER_APPICON_NAME = AppIcon;
				ASSETCATALOG_COMPILER_GLOBAL_ACCENT_COLOR_NAME = AccentColor;
				CODE_SIGN_ENTITLEMENTS = FefeReader/FefeReader.entitlements;
				CODE_SIGN_IDENTITY = "Apple Development";
				CODE_SIGN_STYLE = Automatic;
				CURRENT_PROJECT_VERSION = 16;
				DEVELOPMENT_ASSET_PATHS = "\"FefeReader/Preview Content\"";
				DEVELOPMENT_TEAM = NBA2M3HYSW;
				ENABLE_PREVIEWS = YES;
				GENERATE_INFOPLIST_FILE = YES;
				INFOPLIST_FILE = FefeReader/Info.plist;
				INFOPLIST_KEY_UIApplicationSceneManifest_Generation = YES;
				INFOPLIST_KEY_UIApplicationSupportsIndirectInputEvents = YES;
				INFOPLIST_KEY_UISupportedInterfaceOrientations_iPad = "UIInterfaceOrientationPortrait UIInterfaceOrientationPortraitUpsideDown UIInterfaceOrientationLandscapeLeft UIInterfaceOrientationLandscapeRight";
				INFOPLIST_KEY_UISupportedInterfaceOrientations_iPhone = "UIInterfaceOrientationPortrait UIInterfaceOrientationLandscapeLeft UIInterfaceOrientationLandscapeRight";
				IPHONEOS_DEPLOYMENT_TARGET = 16.0;
				LD_RUNPATH_SEARCH_PATHS = (
					"$(inherited)",
					"@executable_path/Frameworks",
				);
				MACOSX_DEPLOYMENT_TARGET = 13.0;
				MARKETING_VERSION = 1.5;
				PRODUCT_BUNDLE_IDENTIFIER = org.olafneumann.FefeReader;
				PRODUCT_NAME = "$(TARGET_NAME)";
				PROVISIONING_PROFILE_SPECIFIER = "";
				REGISTER_APP_GROUPS = NO;
				SUPPORTED_PLATFORMS = "iphoneos iphonesimulator";
				SUPPORTS_MACCATALYST = NO;
				SUPPORTS_MAC_DESIGNED_FOR_IPHONE_IPAD = YES;
				SWIFT_EMIT_LOC_STRINGS = YES;
				SWIFT_VERSION = 5.0;
				TARGETED_DEVICE_FAMILY = "1,2";
			};
			name = Release;
		};
		C524AD2A2843FD8C00EF24F1 /* Debug */ = {
			isa = XCBuildConfiguration;
			buildSettings = {
				BUNDLE_LOADER = "$(TEST_HOST)";
				CODE_SIGN_STYLE = Automatic;
				CURRENT_PROJECT_VERSION = 1;
				DEVELOPMENT_TEAM = NBA2M3HYSW;
				GENERATE_INFOPLIST_FILE = YES;
				IPHONEOS_DEPLOYMENT_TARGET = 16.0;
				MARKETING_VERSION = 1.0;
				PRODUCT_BUNDLE_IDENTIFIER = org.olafneumann.FefeReaderTests;
				PRODUCT_NAME = "$(TARGET_NAME)";
				SWIFT_EMIT_LOC_STRINGS = NO;
				SWIFT_VERSION = 5.0;
				TARGETED_DEVICE_FAMILY = "1,2";
				TEST_HOST = "$(BUILT_PRODUCTS_DIR)/FefeReader.app/FefeReader";
			};
			name = Debug;
		};
		C524AD2B2843FD8C00EF24F1 /* Release */ = {
			isa = XCBuildConfiguration;
			buildSettings = {
				BUNDLE_LOADER = "$(TEST_HOST)";
				CODE_SIGN_STYLE = Automatic;
				CURRENT_PROJECT_VERSION = 1;
				DEVELOPMENT_TEAM = NBA2M3HYSW;
				GENERATE_INFOPLIST_FILE = YES;
				IPHONEOS_DEPLOYMENT_TARGET = 16.0;
				MARKETING_VERSION = 1.0;
				PRODUCT_BUNDLE_IDENTIFIER = org.olafneumann.FefeReaderTests;
				PRODUCT_NAME = "$(TARGET_NAME)";
				SWIFT_EMIT_LOC_STRINGS = NO;
				SWIFT_VERSION = 5.0;
				TARGETED_DEVICE_FAMILY = "1,2";
				TEST_HOST = "$(BUILT_PRODUCTS_DIR)/FefeReader.app/FefeReader";
			};
			name = Release;
		};
		C524AD2D2843FD8C00EF24F1 /* Debug */ = {
			isa = XCBuildConfiguration;
			buildSettings = {
				CODE_SIGN_STYLE = Automatic;
				CURRENT_PROJECT_VERSION = 1;
				DEVELOPMENT_TEAM = NBA2M3HYSW;
				GENERATE_INFOPLIST_FILE = YES;
				IPHONEOS_DEPLOYMENT_TARGET = 16.0;
				MARKETING_VERSION = 1.0;
				PRODUCT_BUNDLE_IDENTIFIER = org.olafneumann.FefeReaderUITests;
				PRODUCT_NAME = "$(TARGET_NAME)";
				SWIFT_EMIT_LOC_STRINGS = NO;
				SWIFT_VERSION = 5.0;
				TARGETED_DEVICE_FAMILY = "1,2";
				TEST_TARGET_NAME = FefeReader;
			};
			name = Debug;
		};
		C524AD2E2843FD8C00EF24F1 /* Release */ = {
			isa = XCBuildConfiguration;
			buildSettings = {
				CODE_SIGN_STYLE = Automatic;
				CURRENT_PROJECT_VERSION = 1;
				DEVELOPMENT_TEAM = NBA2M3HYSW;
				GENERATE_INFOPLIST_FILE = YES;
				IPHONEOS_DEPLOYMENT_TARGET = 16.0;
				MARKETING_VERSION = 1.0;
				PRODUCT_BUNDLE_IDENTIFIER = org.olafneumann.FefeReaderUITests;
				PRODUCT_NAME = "$(TARGET_NAME)";
				SWIFT_EMIT_LOC_STRINGS = NO;
				SWIFT_VERSION = 5.0;
				TARGETED_DEVICE_FAMILY = "1,2";
				TEST_TARGET_NAME = FefeReader;
			};
			name = Release;
		};
/* End XCBuildConfiguration section */

/* Begin XCConfigurationList section */
		C524ACF82843FD8900EF24F1 /* Build configuration list for PBXProject "FefeReader" */ = {
			isa = XCConfigurationList;
			buildConfigurations = (
				C524AD242843FD8C00EF24F1 /* Debug */,
				C524AD252843FD8C00EF24F1 /* Release */,
			);
			defaultConfigurationIsVisible = 0;
			defaultConfigurationName = Release;
		};
		C524AD262843FD8C00EF24F1 /* Build configuration list for PBXNativeTarget "FefeReader" */ = {
			isa = XCConfigurationList;
			buildConfigurations = (
				C524AD272843FD8C00EF24F1 /* Debug */,
				C524AD282843FD8C00EF24F1 /* Release */,
			);
			defaultConfigurationIsVisible = 0;
			defaultConfigurationName = Release;
		};
		C524AD292843FD8C00EF24F1 /* Build configuration list for PBXNativeTarget "FefeReaderTests" */ = {
			isa = XCConfigurationList;
			buildConfigurations = (
				C524AD2A2843FD8C00EF24F1 /* Debug */,
				C524AD2B2843FD8C00EF24F1 /* Release */,
			);
			defaultConfigurationIsVisible = 0;
			defaultConfigurationName = Release;
		};
		C524AD2C2843FD8C00EF24F1 /* Build configuration list for PBXNativeTarget "FefeReaderUITests" */ = {
			isa = XCConfigurationList;
			buildConfigurations = (
				C524AD2D2843FD8C00EF24F1 /* Debug */,
				C524AD2E2843FD8C00EF24F1 /* Release */,
			);
			defaultConfigurationIsVisible = 0;
			defaultConfigurationName = Release;
		};
/* End XCConfigurationList section */

/* Begin XCRemoteSwiftPackageReference section */
		C51FA2C4284E2945007FAD56 /* XCRemoteSwiftPackageReference "PopupView" */ = {
			isa = XCRemoteSwiftPackageReference;
			repositoryURL = "https://github.com/exyte/PopupView";
			requirement = {
				kind = upToNextMajorVersion;
				minimumVersion = 3.0.0;
			};
		};
		C5243EB928460D2F001CBA3D /* XCRemoteSwiftPackageReference "SwiftSoup" */ = {
			isa = XCRemoteSwiftPackageReference;
			repositoryURL = "https://github.com/scinfu/SwiftSoup";
			requirement = {
				kind = upToNextMajorVersion;
				minimumVersion = 2.0.0;
			};
		};
		C5E310AA28471DA6005937FA /* XCRemoteSwiftPackageReference "swiftui-webview" */ = {
			isa = XCRemoteSwiftPackageReference;
			repositoryURL = "https://github.com/globulus/swiftui-webview";
			requirement = {
				kind = upToNextMajorVersion;
				minimumVersion = 1.0.0;
			};
		};
/* End XCRemoteSwiftPackageReference section */

/* Begin XCSwiftPackageProductDependency section */
		C51FA2C5284E2945007FAD56 /* PopupView */ = {
			isa = XCSwiftPackageProductDependency;
			package = C51FA2C4284E2945007FAD56 /* XCRemoteSwiftPackageReference "PopupView" */;
			productName = PopupView;
		};
		C5243EBA28460D2F001CBA3D /* SwiftSoup */ = {
			isa = XCSwiftPackageProductDependency;
			package = C5243EB928460D2F001CBA3D /* XCRemoteSwiftPackageReference "SwiftSoup" */;
			productName = SwiftSoup;
		};
		C5E310AB28471DA6005937FA /* SwiftUIWebView */ = {
			isa = XCSwiftPackageProductDependency;
			package = C5E310AA28471DA6005937FA /* XCRemoteSwiftPackageReference "swiftui-webview" */;
			productName = SwiftUIWebView;
		};
/* End XCSwiftPackageProductDependency section */

/* Begin XCVersionGroup section */
		C524AD0B2843FD8C00EF24F1 /* FefeReader.xcdatamodeld */ = {
			isa = XCVersionGroup;
			children = (
				C524AD0C2843FD8C00EF24F1 /* FefeReader.xcdatamodel */,
			);
			currentVersion = C524AD0C2843FD8C00EF24F1 /* FefeReader.xcdatamodel */;
			path = FefeReader.xcdatamodeld;
			sourceTree = "<group>";
			versionGroupType = wrapper.xcdatamodel;
		};
/* End XCVersionGroup section */
	};
	rootObject = C524ACF52843FD8900EF24F1 /* Project object */;
}
