// !$*UTF8*$!
{
	archiveVersion = 1;
	classes = {
	};
	objectVersion = 55;
	objects = {

/* Begin PBXBuildFile section */
		C524AD012843FD8900EF24F1 /* FefeReaderApp.swift in Sources */ = {isa = PBXBuildFile; fileRef = C524AD002843FD8900EF24F1 /* FefeReaderApp.swift */; };
		C524AD032843FD8900EF24F1 /* ContentView.swift in Sources */ = {isa = PBXBuildFile; fileRef = C524AD022843FD8900EF24F1 /* ContentView.swift */; };
		C524AD052843FD8C00EF24F1 /* Assets.xcassets in Resources */ = {isa = PBXBuildFile; fileRef = C524AD042843FD8C00EF24F1 /* Assets.xcassets */; };
		C524AD082843FD8C00EF24F1 /* Preview Assets.xcassets in Resources */ = {isa = PBXBuildFile; fileRef = C524AD072843FD8C00EF24F1 /* Preview Assets.xcassets */; };
		C524AD0A2843FD8C00EF24F1 /* Persistence.swift in Sources */ = {isa = PBXBuildFile; fileRef = C524AD092843FD8C00EF24F1 /* Persistence.swift */; };
		C524AD0D2843FD8C00EF24F1 /* FefeReader.xcdatamodeld in Sources */ = {isa = PBXBuildFile; fileRef = C524AD0B2843FD8C00EF24F1 /* FefeReader.xcdatamodeld */; };
		C524AD172843FD8C00EF24F1 /* FefeReaderTests.swift in Sources */ = {isa = PBXBuildFile; fileRef = C524AD162843FD8C00EF24F1 /* FefeReaderTests.swift */; };
		C524AD212843FD8C00EF24F1 /* FefeReaderUITests.swift in Sources */ = {isa = PBXBuildFile; fileRef = C524AD202843FD8C00EF24F1 /* FefeReaderUITests.swift */; };
		C524AD232843FD8C00EF24F1 /* FefeReaderUITestsLaunchTests.swift in Sources */ = {isa = PBXBuildFile; fileRef = C524AD222843FD8C00EF24F1 /* FefeReaderUITestsLaunchTests.swift */; };
/* End PBXBuildFile section */

/* Begin PBXContainerItemProxy section */
		C524AD132843FD8C00EF24F1 /* PBXContainerItemProxy */ = {
			isa = PBXContainerItemProxy;
			containerPortal = C524ACF52843FD8900EF24F1 /* Project object */;
			proxyType = 1;
			remoteGlobalIDString = C524ACFC2843FD8900EF24F1;
			remoteInfo = FefeReader;
		};
		C524AD1D2843FD8C00EF24F1 /* PBXContainerItemProxy */ = {
			isa = PBXContainerItemProxy;
			containerPortal = C524ACF52843FD8900EF24F1 /* Project object */;
			proxyType = 1;
			remoteGlobalIDString = C524ACFC2843FD8900EF24F1;
			remoteInfo = FefeReader;
		};
/* End PBXContainerItemProxy section */

/* Begin PBXFileReference section */
		C524ACFD2843FD8900EF24F1 /* FefeReader.app */ = {isa = PBXFileReference; explicitFileType = wrapper.application; includeInIndex = 0; path = FefeReader.app; sourceTree = BUILT_PRODUCTS_DIR; };
		C524AD002843FD8900EF24F1 /* FefeReaderApp.swift */ = {isa = PBXFileReference; lastKnownFileType = sourcecode.swift; path = FefeReaderApp.swift; sourceTree = "<group>"; };
		C524AD022843FD8900EF24F1 /* ContentView.swift */ = {isa = PBXFileReference; lastKnownFileType = sourcecode.swift; path = ContentView.swift; sourceTree = "<group>"; };
		C524AD042843FD8C00EF24F1 /* Assets.xcassets */ = {isa = PBXFileReference; lastKnownFileType = folder.assetcatalog; path = Assets.xcassets; sourceTree = "<group>"; };
		C524AD072843FD8C00EF24F1 /* Preview Assets.xcassets */ = {isa = PBXFileReference; lastKnownFileType = folder.assetcatalog; path = "Preview Assets.xcassets"; sourceTree = "<group>"; };
		C524AD092843FD8C00EF24F1 /* Persistence.swift */ = {isa = PBXFileReference; lastKnownFileType = sourcecode.swift; path = Persistence.swift; sourceTree = "<group>"; };
		C524AD0C2843FD8C00EF24F1 /* FefeReader.xcdatamodel */ = {isa = PBXFileReference; lastKnownFileType = wrapper.xcdatamodel; path = FefeReader.xcdatamodel; sourceTree = "<group>"; };
		C524AD122843FD8C00EF24F1 /* FefeReaderTests.xctest */ = {isa = PBXFileReference; explicitFileType = wrapper.cfbundle; includeInIndex = 0; path = FefeReaderTests.xctest; sourceTree = BUILT_PRODUCTS_DIR; };
		C524AD162843FD8C00EF24F1 /* FefeReaderTests.swift */ = {isa = PBXFileReference; lastKnownFileType = sourcecode.swift; path = FefeReaderTests.swift; sourceTree = "<group>"; };
		C524AD1C2843FD8C00EF24F1 /* FefeReaderUITests.xctest */ = {isa = PBXFileReference; explicitFileType = wrapper.cfbundle; includeInIndex = 0; path = FefeReaderUITests.xctest; sourceTree = BUILT_PRODUCTS_DIR; };
		C524AD202843FD8C00EF24F1 /* FefeReaderUITests.swift */ = {isa = PBXFileReference; lastKnownFileType = sourcecode.swift; path = FefeReaderUITests.swift; sourceTree = "<group>"; };
		C524AD222843FD8C00EF24F1 /* FefeReaderUITestsLaunchTests.swift */ = {isa = PBXFileReference; lastKnownFileType = sourcecode.swift; path = FefeReaderUITestsLaunchTests.swift; sourceTree = "<group>"; };
/* End PBXFileReference section */

/* Begin PBXFrameworksBuildPhase section */
		C524ACFA2843FD8900EF24F1 /* Frameworks */ = {
			isa = PBXFrameworksBuildPhase;
			buildActionMask = 2147483647;
			files = (
			);
			runOnlyForDeploymentPostprocessing = 0;
		};
		C524AD0F2843FD8C00EF24F1 /* Frameworks */ = {
			isa = PBXFrameworksBuildPhase;
			buildActionMask = 2147483647;
			files = (
			);
			runOnlyForDeploymentPostprocessing = 0;
		};
		C524AD192843FD8C00EF24F1 /* Frameworks */ = {
			isa = PBXFrameworksBuildPhase;
			buildActionMask = 2147483647;
			files = (
			);
			runOnlyForDeploymentPostprocessing = 0;
		};
/* End PBXFrameworksBuildPhase section */

/* Begin PBXGroup section */
		C524ACF42843FD8900EF24F1 = {
			isa = PBXGroup;
			children = (
				C524ACFF2843FD8900EF24F1 /* FefeReader */,
				C524AD152843FD8C00EF24F1 /* FefeReaderTests */,
				C524AD1F2843FD8C00EF24F1 /* FefeReaderUITests */,
				C524ACFE2843FD8900EF24F1 /* Products */,
			);
			sourceTree = "<group>";
		};
		C524ACFE2843FD8900EF24F1 /* Products */ = {
			isa = PBXGroup;
			children = (
				C524ACFD2843FD8900EF24F1 /* FefeReader.app */,
				C524AD122843FD8C00EF24F1 /* FefeReaderTests.xctest */,
				C524AD1C2843FD8C00EF24F1 /* FefeReaderUITests.xctest */,
			);
			name = Products;
			sourceTree = "<group>";
		};
		C524ACFF2843FD8900EF24F1 /* FefeReader */ = {
			isa = PBXGroup;
			children = (
				C524AD002843FD8900EF24F1 /* FefeReaderApp.swift */,
				C524AD022843FD8900EF24F1 /* ContentView.swift */,
				C524AD042843FD8C00EF24F1 /* Assets.xcassets */,
				C524AD092843FD8C00EF24F1 /* Persistence.swift */,
				C524AD0B2843FD8C00EF24F1 /* FefeReader.xcdatamodeld */,
				C524AD062843FD8C00EF24F1 /* Preview Content */,
			);
			path = FefeReader;
			sourceTree = "<group>";
		};
		C524AD062843FD8C00EF24F1 /* Preview Content */ = {
			isa = PBXGroup;
			children = (
				C524AD072843FD8C00EF24F1 /* Preview Assets.xcassets */,
			);
			path = "Preview Content";
			sourceTree = "<group>";
		};
		C524AD152843FD8C00EF24F1 /* FefeReaderTests */ = {
			isa = PBXGroup;
			children = (
				C524AD162843FD8C00EF24F1 /* FefeReaderTests.swift */,
			);
			path = FefeReaderTests;
			sourceTree = "<group>";
		};
		C524AD1F2843FD8C00EF24F1 /* FefeReaderUITests */ = {
			isa = PBXGroup;
			children = (
				C524AD202843FD8C00EF24F1 /* FefeReaderUITests.swift */,
				C524AD222843FD8C00EF24F1 /* FefeReaderUITestsLaunchTests.swift */,
			);
			path = FefeReaderUITests;
			sourceTree = "<group>";
		};
/* End PBXGroup section */

/* Begin PBXNativeTarget section */
		C524ACFC2843FD8900EF24F1 /* FefeReader */ = {
			isa = PBXNativeTarget;
			buildConfigurationList = C524AD262843FD8C00EF24F1 /* Build configuration list for PBXNativeTarget "FefeReader" */;
			buildPhases = (
				C524ACF92843FD8900EF24F1 /* Sources */,
				C524ACFA2843FD8900EF24F1 /* Frameworks */,
				C524ACFB2843FD8900EF24F1 /* Resources */,
			);
			buildRules = (
			);
			dependencies = (
			);
			name = FefeReader;
			productName = FefeReader;
			productReference = C524ACFD2843FD8900EF24F1 /* FefeReader.app */;
			productType = "com.apple.product-type.application";
		};
		C524AD112843FD8C00EF24F1 /* FefeReaderTests */ = {
			isa = PBXNativeTarget;
			buildConfigurationList = C524AD292843FD8C00EF24F1 /* Build configuration list for PBXNativeTarget "FefeReaderTests" */;
			buildPhases = (
				C524AD0E2843FD8C00EF24F1 /* Sources */,
				C524AD0F2843FD8C00EF24F1 /* Frameworks */,
				C524AD102843FD8C00EF24F1 /* Resources */,
			);
			buildRules = (
			);
			dependencies = (
				C524AD142843FD8C00EF24F1 /* PBXTargetDependency */,
			);
			name = FefeReaderTests;
			productName = FefeReaderTests;
			productReference = C524AD122843FD8C00EF24F1 /* FefeReaderTests.xctest */;
			productType = "com.apple.product-type.bundle.unit-test";
		};
		C524AD1B2843FD8C00EF24F1 /* FefeReaderUITests */ = {
			isa = PBXNativeTarget;
			buildConfigurationList = C524AD2C2843FD8C00EF24F1 /* Build configuration list for PBXNativeTarget "FefeReaderUITests" */;
			buildPhases = (
				C524AD182843FD8C00EF24F1 /* Sources */,
				C524AD192843FD8C00EF24F1 /* Frameworks */,
				C524AD1A2843FD8C00EF24F1 /* Resources */,
			);
			buildRules = (
			);
			dependencies = (
				C524AD1E2843FD8C00EF24F1 /* PBXTargetDependency */,
			);
			name = FefeReaderUITests;
			productName = FefeReaderUITests;
			productReference = C524AD1C2843FD8C00EF24F1 /* FefeReaderUITests.xctest */;
			productType = "com.apple.product-type.bundle.ui-testing";
		};
/* End PBXNativeTarget section */

/* Begin PBXProject section */
		C524ACF52843FD8900EF24F1 /* Project object */ = {
			isa = PBXProject;
			attributes = {
				BuildIndependentTargetsInParallel = 1;
				LastSwiftUpdateCheck = 1340;
				LastUpgradeCheck = 1340;
				TargetAttributes = {
					C524ACFC2843FD8900EF24F1 = {
						CreatedOnToolsVersion = 13.4;
					};
					C524AD112843FD8C00EF24F1 = {
						CreatedOnToolsVersion = 13.4;
						TestTargetID = C524ACFC2843FD8900EF24F1;
					};
					C524AD1B2843FD8C00EF24F1 = {
						CreatedOnToolsVersion = 13.4;
						TestTargetID = C524ACFC2843FD8900EF24F1;
					};
				};
			};
			buildConfigurationList = C524ACF82843FD8900EF24F1 /* Build configuration list for PBXProject "FefeReader" */;
			compatibilityVersion = "Xcode 13.0";
			developmentRegion = en;
			hasScannedForEncodings = 0;
			knownRegions = (
				en,
				Base,
			);
			mainGroup = C524ACF42843FD8900EF24F1;
			productRefGroup = C524ACFE2843FD8900EF24F1 /* Products */;
			projectDirPath = "";
			projectRoot = "";
			targets = (
				C524ACFC2843FD8900EF24F1 /* FefeReader */,
				C524AD112843FD8C00EF24F1 /* FefeReaderTests */,
				C524AD1B2843FD8C00EF24F1 /* FefeReaderUITests */,
			);
		};
/* End PBXProject section */

/* Begin PBXResourcesBuildPhase section */
		C524ACFB2843FD8900EF24F1 /* Resources */ = {
			isa = PBXResourcesBuildPhase;
			buildActionMask = 2147483647;
			files = (
				C524AD082843FD8C00EF24F1 /* Preview Assets.xcassets in Resources */,
				C524AD052843FD8C00EF24F1 /* Assets.xcassets in Resources */,
			);
			runOnlyForDeploymentPostprocessing = 0;
		};
		C524AD102843FD8C00EF24F1 /* Resources */ = {
			isa = PBXResourcesBuildPhase;
			buildActionMask = 2147483647;
			files = (
			);
			runOnlyForDeploymentPostprocessing = 0;
		};
		C524AD1A2843FD8C00EF24F1 /* Resources */ = {
			isa = PBXResourcesBuildPhase;
			buildActionMask = 2147483647;
			files = (
			);
			runOnlyForDeploymentPostprocessing = 0;
		};
/* End PBXResourcesBuildPhase section */

/* Begin PBXSourcesBuildPhase section */
		C524ACF92843FD8900EF24F1 /* Sources */ = {
			isa = PBXSourcesBuildPhase;
			buildActionMask = 2147483647;
			files = (
				C524AD0D2843FD8C00EF24F1 /* FefeReader.xcdatamodeld in Sources */,
				C524AD0A2843FD8C00EF24F1 /* Persistence.swift in Sources */,
				C524AD032843FD8900EF24F1 /* ContentView.swift in Sources */,
				C524AD012843FD8900EF24F1 /* FefeReaderApp.swift in Sources */,
			);
			runOnlyForDeploymentPostprocessing = 0;
		};
		C524AD0E2843FD8C00EF24F1 /* Sources */ = {
			isa = PBXSourcesBuildPhase;
			buildActionMask = 2147483647;
			files = (
				C524AD172843FD8C00EF24F1 /* FefeReaderTests.swift in Sources */,
			);
			runOnlyForDeploymentPostprocessing = 0;
		};
		C524AD182843FD8C00EF24F1 /* Sources */ = {
			isa = PBXSourcesBuildPhase;
			buildActionMask = 2147483647;
			files = (
				C524AD212843FD8C00EF24F1 /* FefeReaderUITests.swift in Sources */,
				C524AD232843FD8C00EF24F1 /* FefeReaderUITestsLaunchTests.swift in Sources */,
			);
			runOnlyForDeploymentPostprocessing = 0;
		};
/* End PBXSourcesBuildPhase section */

/* Begin PBXTargetDependency section */
		C524AD142843FD8C00EF24F1 /* PBXTargetDependency */ = {
			isa = PBXTargetDependency;
			target = C524ACFC2843FD8900EF24F1 /* FefeReader */;
			targetProxy = C524AD132843FD8C00EF24F1 /* PBXContainerItemProxy */;
		};
		C524AD1E2843FD8C00EF24F1 /* PBXTargetDependency */ = {
			isa = PBXTargetDependency;
			target = C524ACFC2843FD8900EF24F1 /* FefeReader */;
			targetProxy = C524AD1D2843FD8C00EF24F1 /* PBXContainerItemProxy */;
		};
/* End PBXTargetDependency section */

/* Begin XCBuildConfiguration section */
		C524AD242843FD8C00EF24F1 /* Debug */ = {
			isa = XCBuildConfiguration;
			buildSettings = {
				ALWAYS_SEARCH_USER_PATHS = NO;
				CLANG_ANALYZER_NONNULL = YES;
				CLANG_ANALYZER_NUMBER_OBJECT_CONVERSION = YES_AGGRESSIVE;
				CLANG_CXX_LANGUAGE_STANDARD = "gnu++17";
				CLANG_ENABLE_MODULES = YES;
				CLANG_ENABLE_OBJC_ARC = YES;
				CLANG_ENABLE_OBJC_WEAK = YES;
				CLANG_WARN_BLOCK_CAPTURE_AUTORELEASING = YES;
				CLANG_WARN_BOOL_CONVERSION = YES;
				CLANG_WARN_COMMA = YES;
				CLANG_WARN_CONSTANT_CONVERSION = YES;
				CLANG_WARN_DEPRECATED_OBJC_IMPLEMENTATIONS = YES;
				CLANG_WARN_DIRECT_OBJC_ISA_USAGE = YES_ERROR;
				CLANG_WARN_DOCUMENTATION_COMMENTS = YES;
				CLANG_WARN_EMPTY_BODY = YES;
				CLANG_WARN_ENUM_CONVERSION = YES;
				CLANG_WARN_INFINITE_RECURSION = YES;
				CLANG_WARN_INT_CONVERSION = YES;
				CLANG_WARN_NON_LITERAL_NULL_CONVERSION = YES;
				CLANG_WARN_OBJC_IMPLICIT_RETAIN_SELF = YES;
				CLANG_WARN_OBJC_LITERAL_CONVERSION = YES;
				CLANG_WARN_OBJC_ROOT_CLASS = YES_ERROR;
				CLANG_WARN_QUOTED_INCLUDE_IN_FRAMEWORK_HEADER = YES;
				CLANG_WARN_RANGE_LOOP_ANALYSIS = YES;
				CLANG_WARN_STRICT_PROTOTYPES = YES;
				CLANG_WARN_SUSPICIOUS_MOVE = YES;
				CLANG_WARN_UNGUARDED_AVAILABILITY = YES_AGGRESSIVE;
				CLANG_WARN_UNREACHABLE_CODE = YES;
				CLANG_WARN__DUPLICATE_METHOD_MATCH = YES;
				COPY_PHASE_STRIP = NO;
				DEBUG_INFORMATION_FORMAT = dwarf;
				ENABLE_STRICT_OBJC_MSGSEND = YES;
				ENABLE_TESTABILITY = YES;
				GCC_C_LANGUAGE_STANDARD = gnu11;
				GCC_DYNAMIC_NO_PIC = NO;
				GCC_NO_COMMON_BLOCKS = YES;
				GCC_OPTIMIZATION_LEVEL = 0;
				GCC_PREPROCESSOR_DEFINITIONS = (
					"DEBUG=1",
					"$(inherited)",
				);
				GCC_WARN_64_TO_32_BIT_CONVERSION = YES;
				GCC_WARN_ABOUT_RETURN_TYPE = YES_ERROR;
				GCC_WARN_UNDECLARED_SELECTOR = YES;
				GCC_WARN_UNINITIALIZED_AUTOS = YES_AGGRESSIVE;
				GCC_WARN_UNUSED_FUNCTION = YES;
				GCC_WARN_UNUSED_VARIABLE = YES;
				IPHONEOS_DEPLOYMENT_TARGET = 15.5;
				MTL_ENABLE_DEBUG_INFO = INCLUDE_SOURCE;
				MTL_FAST_MATH = YES;
				ONLY_ACTIVE_ARCH = YES;
				SDKROOT = iphoneos;
				SWIFT_ACTIVE_COMPILATION_CONDITIONS = DEBUG;
				SWIFT_OPTIMIZATION_LEVEL = "-Onone";
			};
			name = Debug;
		};
		C524AD252843FD8C00EF24F1 /* Release */ = {
			isa = XCBuildConfiguration;
			buildSettings = {
				ALWAYS_SEARCH_USER_PATHS = NO;
				CLANG_ANALYZER_NONNULL = YES;
				CLANG_ANALYZER_NUMBER_OBJECT_CONVERSION = YES_AGGRESSIVE;
				CLANG_CXX_LANGUAGE_STANDARD = "gnu++17";
				CLANG_ENABLE_MODULES = YES;
				CLANG_ENABLE_OBJC_ARC = YES;
				CLANG_ENABLE_OBJC_WEAK = YES;
				CLANG_WARN_BLOCK_CAPTURE_AUTORELEASING = YES;
				CLANG_WARN_BOOL_CONVERSION = YES;
				CLANG_WARN_COMMA = YES;
				CLANG_WARN_CONSTANT_CONVERSION = YES;
				CLANG_WARN_DEPRECATED_OBJC_IMPLEMENTATIONS = YES;
				CLANG_WARN_DIRECT_OBJC_ISA_USAGE = YES_ERROR;
				CLANG_WARN_DOCUMENTATION_COMMENTS = YES;
				CLANG_WARN_EMPTY_BODY = YES;
				CLANG_WARN_ENUM_CONVERSION = YES;
				CLANG_WARN_INFINITE_RECURSION = YES;
				CLANG_WARN_INT_CONVERSION = YES;
				CLANG_WARN_NON_LITERAL_NULL_CONVERSION = YES;
				CLANG_WARN_OBJC_IMPLICIT_RETAIN_SELF = YES;
				CLANG_WARN_OBJC_LITERAL_CONVERSION = YES;
				CLANG_WARN_OBJC_ROOT_CLASS = YES_ERROR;
				CLANG_WARN_QUOTED_INCLUDE_IN_FRAMEWORK_HEADER = YES;
				CLANG_WARN_RANGE_LOOP_ANALYSIS = YES;
				CLANG_WARN_STRICT_PROTOTYPES = YES;
				CLANG_WARN_SUSPICIOUS_MOVE = YES;
				CLANG_WARN_UNGUARDED_AVAILABILITY = YES_AGGRESSIVE;
				CLANG_WARN_UNREACHABLE_CODE = YES;
				CLANG_WARN__DUPLICATE_METHOD_MATCH = YES;
				COPY_PHASE_STRIP = NO;
				DEBUG_INFORMATION_FORMAT = "dwarf-with-dsym";
				ENABLE_NS_ASSERTIONS = NO;
				ENABLE_STRICT_OBJC_MSGSEND = YES;
				GCC_C_LANGUAGE_STANDARD = gnu11;
				GCC_NO_COMMON_BLOCKS = YES;
				GCC_WARN_64_TO_32_BIT_CONVERSION = YES;
				GCC_WARN_ABOUT_RETURN_TYPE = YES_ERROR;
				GCC_WARN_UNDECLARED_SELECTOR = YES;
				GCC_WARN_UNINITIALIZED_AUTOS = YES_AGGRESSIVE;
				GCC_WARN_UNUSED_FUNCTION = YES;
				GCC_WARN_UNUSED_VARIABLE = YES;
				IPHONEOS_DEPLOYMENT_TARGET = 15.5;
				MTL_ENABLE_DEBUG_INFO = NO;
				MTL_FAST_MATH = YES;
				SDKROOT = iphoneos;
				SWIFT_COMPILATION_MODE = wholemodule;
				SWIFT_OPTIMIZATION_LEVEL = "-O";
				VALIDATE_PRODUCT = YES;
			};
			name = Release;
		};
		C524AD272843FD8C00EF24F1 /* Debug */ = {
			isa = XCBuildConfiguration;
			buildSettings = {
				ASSETCATALOG_COMPILER_APPICON_NAME = AppIcon;
				ASSETCATALOG_COMPILER_GLOBAL_ACCENT_COLOR_NAME = AccentColor;
				CODE_SIGN_STYLE = Automatic;
				CURRENT_PROJECT_VERSION = 1;
				DEVELOPMENT_ASSET_PATHS = "\"FefeReader/Preview Content\"";
				DEVELOPMENT_TEAM = NBA2M3HYSW;
				ENABLE_PREVIEWS = YES;
				GENERATE_INFOPLIST_FILE = YES;
				INFOPLIST_KEY_UIApplicationSceneManifest_Generation = YES;
				INFOPLIST_KEY_UIApplicationSupportsIndirectInputEvents = YES;
				INFOPLIST_KEY_UILaunchScreen_Generation = YES;
				INFOPLIST_KEY_UISupportedInterfaceOrientations_iPad = "UIInterfaceOrientationPortrait UIInterfaceOrientationPortraitUpsideDown UIInterfaceOrientationLandscapeLeft UIInterfaceOrientationLandscapeRight";
				INFOPLIST_KEY_UISupportedInterfaceOrientations_iPhone = "UIInterfaceOrientationPortrait UIInterfaceOrientationLandscapeLeft UIInterfaceOrientationLandscapeRight";
				LD_RUNPATH_SEARCH_PATHS = (
					"$(inherited)",
					"@executable_path/Frameworks",
				);
				MARKETING_VERSION = 1.0;
				PRODUCT_BUNDLE_IDENTIFIER = org.olafneumann.FefeReader;
				PRODUCT_NAME = "$(TARGET_NAME)";
				SWIFT_EMIT_LOC_STRINGS = YES;
				SWIFT_VERSION = 5.0;
				TARGETED_DEVICE_FAMILY = "1,2";
			};
			name = Debug;
		};
		C524AD282843FD8C00EF24F1 /* Release */ = {
			isa = XCBuildConfiguration;
			buildSettings = {
				ASSETCATALOG_COMPILER_APPICON_NAME = AppIcon;
				ASSETCATALOG_COMPILER_GLOBAL_ACCENT_COLOR_NAME = AccentColor;
				CODE_SIGN_STYLE = Automatic;
				CURRENT_PROJECT_VERSION = 1;
				DEVELOPMENT_ASSET_PATHS = "\"FefeReader/Preview Content\"";
				DEVELOPMENT_TEAM = NBA2M3HYSW;
				ENABLE_PREVIEWS = YES;
				GENERATE_INFOPLIST_FILE = YES;
				INFOPLIST_KEY_UIApplicationSceneManifest_Generation = YES;
				INFOPLIST_KEY_UIApplicationSupportsIndirectInputEvents = YES;
				INFOPLIST_KEY_UILaunchScreen_Generation = YES;
				INFOPLIST_KEY_UISupportedInterfaceOrientations_iPad = "UIInterfaceOrientationPortrait UIInterfaceOrientationPortraitUpsideDown UIInterfaceOrientationLandscapeLeft UIInterfaceOrientationLandscapeRight";
				INFOPLIST_KEY_UISupportedInterfaceOrientations_iPhone = "UIInterfaceOrientationPortrait UIInterfaceOrientationLandscapeLeft UIInterfaceOrientationLandscapeRight";
				LD_RUNPATH_SEARCH_PATHS = (
					"$(inherited)",
					"@executable_path/Frameworks",
				);
				MARKETING_VERSION = 1.0;
				PRODUCT_BUNDLE_IDENTIFIER = org.olafneumann.FefeReader;
				PRODUCT_NAME = "$(TARGET_NAME)";
				SWIFT_EMIT_LOC_STRINGS = YES;
				SWIFT_VERSION = 5.0;
				TARGETED_DEVICE_FAMILY = "1,2";
			};
			name = Release;
		};
		C524AD2A2843FD8C00EF24F1 /* Debug */ = {
			isa = XCBuildConfiguration;
			buildSettings = {
				ALWAYS_EMBED_SWIFT_STANDARD_LIBRARIES = YES;
				BUNDLE_LOADER = "$(TEST_HOST)";
				CODE_SIGN_STYLE = Automatic;
				CURRENT_PROJECT_VERSION = 1;
				DEVELOPMENT_TEAM = NBA2M3HYSW;
				GENERATE_INFOPLIST_FILE = YES;
				IPHONEOS_DEPLOYMENT_TARGET = 15.5;
				MARKETING_VERSION = 1.0;
				PRODUCT_BUNDLE_IDENTIFIER = org.olafneumann.FefeReaderTests;
				PRODUCT_NAME = "$(TARGET_NAME)";
				SWIFT_EMIT_LOC_STRINGS = NO;
				SWIFT_VERSION = 5.0;
				TARGETED_DEVICE_FAMILY = "1,2";
				TEST_HOST = "$(BUILT_PRODUCTS_DIR)/FefeReader.app/FefeReader";
			};
			name = Debug;
		};
		C524AD2B2843FD8C00EF24F1 /* Release */ = {
			isa = XCBuildConfiguration;
			buildSettings = {
				ALWAYS_EMBED_SWIFT_STANDARD_LIBRARIES = YES;
				BUNDLE_LOADER = "$(TEST_HOST)";
				CODE_SIGN_STYLE = Automatic;
				CURRENT_PROJECT_VERSION = 1;
				DEVELOPMENT_TEAM = NBA2M3HYSW;
				GENERATE_INFOPLIST_FILE = YES;
				IPHONEOS_DEPLOYMENT_TARGET = 15.5;
				MARKETING_VERSION = 1.0;
				PRODUCT_BUNDLE_IDENTIFIER = org.olafneumann.FefeReaderTests;
				PRODUCT_NAME = "$(TARGET_NAME)";
				SWIFT_EMIT_LOC_STRINGS = NO;
				SWIFT_VERSION = 5.0;
				TARGETED_DEVICE_FAMILY = "1,2";
				TEST_HOST = "$(BUILT_PRODUCTS_DIR)/FefeReader.app/FefeReader";
			};
			name = Release;
		};
		C524AD2D2843FD8C00EF24F1 /* Debug */ = {
			isa = XCBuildConfiguration;
			buildSettings = {
				ALWAYS_EMBED_SWIFT_STANDARD_LIBRARIES = YES;
				CODE_SIGN_STYLE = Automatic;
				CURRENT_PROJECT_VERSION = 1;
				DEVELOPMENT_TEAM = NBA2M3HYSW;
				GENERATE_INFOPLIST_FILE = YES;
				MARKETING_VERSION = 1.0;
				PRODUCT_BUNDLE_IDENTIFIER = org.olafneumann.FefeReaderUITests;
				PRODUCT_NAME = "$(TARGET_NAME)";
				SWIFT_EMIT_LOC_STRINGS = NO;
				SWIFT_VERSION = 5.0;
				TARGETED_DEVICE_FAMILY = "1,2";
				TEST_TARGET_NAME = FefeReader;
			};
			name = Debug;
		};
		C524AD2E2843FD8C00EF24F1 /* Release */ = {
			isa = XCBuildConfiguration;
			buildSettings = {
				ALWAYS_EMBED_SWIFT_STANDARD_LIBRARIES = YES;
				CODE_SIGN_STYLE = Automatic;
				CURRENT_PROJECT_VERSION = 1;
				DEVELOPMENT_TEAM = NBA2M3HYSW;
				GENERATE_INFOPLIST_FILE = YES;
				MARKETING_VERSION = 1.0;
				PRODUCT_BUNDLE_IDENTIFIER = org.olafneumann.FefeReaderUITests;
				PRODUCT_NAME = "$(TARGET_NAME)";
				SWIFT_EMIT_LOC_STRINGS = NO;
				SWIFT_VERSION = 5.0;
				TARGETED_DEVICE_FAMILY = "1,2";
				TEST_TARGET_NAME = FefeReader;
			};
			name = Release;
		};
/* End XCBuildConfiguration section */

/* Begin XCConfigurationList section */
		C524ACF82843FD8900EF24F1 /* Build configuration list for PBXProject "FefeReader" */ = {
			isa = XCConfigurationList;
			buildConfigurations = (
				C524AD242843FD8C00EF24F1 /* Debug */,
				C524AD252843FD8C00EF24F1 /* Release */,
			);
			defaultConfigurationIsVisible = 0;
			defaultConfigurationName = Release;
		};
		C524AD262843FD8C00EF24F1 /* Build configuration list for PBXNativeTarget "FefeReader" */ = {
			isa = XCConfigurationList;
			buildConfigurations = (
				C524AD272843FD8C00EF24F1 /* Debug */,
				C524AD282843FD8C00EF24F1 /* Release */,
			);
			defaultConfigurationIsVisible = 0;
			defaultConfigurationName = Release;
		};
		C524AD292843FD8C00EF24F1 /* Build configuration list for PBXNativeTarget "FefeReaderTests" */ = {
			isa = XCConfigurationList;
			buildConfigurations = (
				C524AD2A2843FD8C00EF24F1 /* Debug */,
				C524AD2B2843FD8C00EF24F1 /* Release */,
			);
			defaultConfigurationIsVisible = 0;
			defaultConfigurationName = Release;
		};
		C524AD2C2843FD8C00EF24F1 /* Build configuration list for PBXNativeTarget "FefeReaderUITests" */ = {
			isa = XCConfigurationList;
			buildConfigurations = (
				C524AD2D2843FD8C00EF24F1 /* Debug */,
				C524AD2E2843FD8C00EF24F1 /* Release */,
			);
			defaultConfigurationIsVisible = 0;
			defaultConfigurationName = Release;
		};
/* End XCConfigurationList section */

/* Begin XCVersionGroup section */
		C524AD0B2843FD8C00EF24F1 /* FefeReader.xcdatamodeld */ = {
			isa = XCVersionGroup;
			children = (
				C524AD0C2843FD8C00EF24F1 /* FefeReader.xcdatamodel */,
			);
			currentVersion = C524AD0C2843FD8C00EF24F1 /* FefeReader.xcdatamodel */;
			path = FefeReader.xcdatamodeld;
			sourceTree = "<group>";
			versionGroupType = wrapper.xcdatamodel;
		};
/* End XCVersionGroup section */
	};
	rootObject = C524ACF52843FD8900EF24F1 /* Project object */;
}
